
Microsoft Visual Studio Solution File, Format Version 12.00
# Visual Studio Version 16
VisualStudioVersion = 16.0.31702.278
MinimumVisualStudioVersion = 10.0.40219.1
Project("{FAE04EC0-301F-11D3-BF4B-00C04F79EFBC}") = "LinkedlistUC6", "LinkedlistUC6\LinkedlistUC6.csproj", "{135E0924-C1E0-48BC-BD20-922274A3DCB4}"
EndProject
Global
	GlobalSection(SolutionConfigurationPlatforms) = preSolution
		Debug|Any CPU = Debug|Any CPU
		Release|Any CPU = Release|Any CPU
	EndGlobalSection
	GlobalSection(ProjectConfigurationPlatforms) = postSolution
		{135E0924-C1E0-48BC-BD20-922274A3DCB4}.Debug|Any CPU.ActiveCfg = Debug|Any CPU
		{135E0924-C1E0-48BC-BD20-922274A3DCB4}.Debug|Any CPU.Build.0 = Debug|Any CPU
		{135E0924-C1E0-48BC-BD20-922274A3DCB4}.Release|Any CPU.ActiveCfg = Release|Any CPU
		{135E0924-C1E0-48BC-BD20-922274A3DCB4}.Release|Any CPU.Build.0 = Release|Any CPU
	EndGlobalSection
	GlobalSection(SolutionProperties) = preSolution
		HideSolutionNode = FALSE
	EndGlobalSection
	GlobalSection(ExtensibilityGlobals) = postSolution
		SolutionGuid = {23340B1F-037A-4F37-8EE5-0E8F610CC6FA}
	EndGlobalSection
EndGlobal
