
Microsoft Visual Studio Solution File, Format Version 12.00
# Visual Studio Version 16
VisualStudioVersion = 16.0.31702.278
MinimumVisualStudioVersion = 10.0.40219.1
Project("{FAE04EC0-301F-11D3-BF4B-00C04F79EFBC}") = "LinkedListUC1", "LinkedListUC1\LinkedListUC1.csproj", "{C6247F9D-4B7F-4E51-AD9E-1F119038C213}"
EndProject
Global
	GlobalSection(SolutionConfigurationPlatforms) = preSolution
		Debug|Any CPU = Debug|Any CPU
		Release|Any CPU = Release|Any CPU
	EndGlobalSection
	GlobalSection(ProjectConfigurationPlatforms) = postSolution
		{C6247F9D-4B7F-4E51-AD9E-1F119038C213}.Debug|Any CPU.ActiveCfg = Debug|Any CPU
		{C6247F9D-4B7F-4E51-AD9E-1F119038C213}.Debug|Any CPU.Build.0 = Debug|Any CPU
		{C6247F9D-4B7F-4E51-AD9E-1F119038C213}.Release|Any CPU.ActiveCfg = Release|Any CPU
		{C6247F9D-4B7F-4E51-AD9E-1F119038C213}.Release|Any CPU.Build.0 = Release|Any CPU
	EndGlobalSection
	GlobalSection(SolutionProperties) = preSolution
		HideSolutionNode = FALSE
	EndGlobalSection
	GlobalSection(ExtensibilityGlobals) = postSolution
		SolutionGuid = {72AF4116-69A8-4423-9DDD-99EDCB9E0019}
	EndGlobalSection
EndGlobal
