
Microsoft Visual Studio Solution File, Format Version 12.00
# Visual Studio Version 16
VisualStudioVersion = 16.0.31702.278
MinimumVisualStudioVersion = 10.0.40219.1
Project("{FAE04EC0-301F-11D3-BF4B-00C04F79EFBC}") = "LinkedListUC2", "LinkedListUC2\LinkedListUC2.csproj", "{6199934A-F66C-4306-B499-9ABBCF0145EF}"
EndProject
Global
	GlobalSection(SolutionConfigurationPlatforms) = preSolution
		Debug|Any CPU = Debug|Any CPU
		Release|Any CPU = Release|Any CPU
	EndGlobalSection
	GlobalSection(ProjectConfigurationPlatforms) = postSolution
		{6199934A-F66C-4306-B499-9ABBCF0145EF}.Debug|Any CPU.ActiveCfg = Debug|Any CPU
		{6199934A-F66C-4306-B499-9ABBCF0145EF}.Debug|Any CPU.Build.0 = Debug|Any CPU
		{6199934A-F66C-4306-B499-9ABBCF0145EF}.Release|Any CPU.ActiveCfg = Release|Any CPU
		{6199934A-F66C-4306-B499-9ABBCF0145EF}.Release|Any CPU.Build.0 = Release|Any CPU
	EndGlobalSection
	GlobalSection(SolutionProperties) = preSolution
		HideSolutionNode = FALSE
	EndGlobalSection
	GlobalSection(ExtensibilityGlobals) = postSolution
		SolutionGuid = {DA21E10B-7F6C-4BE9-B0C6-C3CAC26F32EB}
	EndGlobalSection
EndGlobal
